{
    "name": "config",
    "lockfileVersion": 3,
    "requires": true,
    "packages": {
        "": {
            "dependencies": {
                "de.basisprofil.r4": "1.4.0",
                "de.gematik.isik-basismodul": "^2.0.6",
                "de.gematik.isik-dokumentenaustausch": "^2.0.1",
                "de.gematik.isik-medikation": "^2.0.2",
                "de.gematik.isik-terminplanung": "^2.0.3",
                "de.gematik.isik-vitalparameter": "^2.0.3",
                "de.medizininformatikinitiative.kerndatensatz.medikation": "1.0.10",
                "dvmd.kdl.r4.2021": "2021.1.1",
                "hl7.fhir.r4.core": "4.0.1",
                "hl7.fhir.uv.ips": "1.0.0",
                "hl7.terminology.r4": "5.5.0",
                "ihe.mhd.fhir": "4.0.1",
                "kbv.basis": "1.6.0-Expansions",
                "rki.demis.common": "1.0.1",
                "rki.demis.disease": "1.3.0"
            }
        },
        "node_modules/de.basisprofil.r4": {
            "version": "1.4.0",
            "resolved": "https://packages.simplifier.net/de.basisprofil.r4/1.4.0",
            "integrity": "sha1-IZ1yyGg9VfHvK0/NVo58eY2pHoQ="
        },
        "node_modules/de.gematik.isik-basismodul": {
            "version": "2.0.6",
            "resolved": "https://packages.simplifier.net/de.gematik.isik-basismodul/2.0.6",
            "integrity": "sha1-bkLxt1pn1zksLNG9ziW8F/4mrtw="
        },
        "node_modules/de.gematik.isik-dokumentenaustausch": {
            "version": "2.0.1",
            "resolved": "https://packages.simplifier.net/de.gematik.isik-dokumentenaustausch/2.0.1",
            "integrity": "sha1-Qnmv2lF3JIldB/ZbMxF4IvYhOz0="
        },
        "node_modules/de.gematik.isik-medikation": {
            "version": "2.0.2",
            "resolved": "https://packages.simplifier.net/de.gematik.isik-medikation/2.0.2",
            "integrity": "sha1-RwpOPdVJHSXK8mHVfyix4ArJ6dE="
        },
        "node_modules/de.gematik.isik-terminplanung": {
            "version": "2.0.4",
            "resolved": "https://packages.simplifier.net/de.gematik.isik-terminplanung/2.0.4",
            "integrity": "sha1-0lArxjEItaV3eRotJ1HzqQIo9FM="
        },
        "node_modules/de.gematik.isik-vitalparameter": {
            "version": "2.0.3",
            "resolved": "https://packages.simplifier.net/de.gematik.isik-vitalparameter/2.0.3",
            "integrity": "sha1-FASWWZXG5IzYFIPnoTvktgyTqRI="
        },
        "node_modules/de.medizininformatikinitiative.kerndatensatz.medikation": {
            "version": "1.0.10",
            "resolved": "https://packages.simplifier.net/de.medizininformatikinitiative.kerndatensatz.medikation/1.0.10",
            "integrity": "sha1-AnKEkxXzxjh2et4QniGiNcJ/Oao="
        },
        "node_modules/dvmd.kdl.r4.2021": {
            "version": "2021.1.1",
            "resolved": "https://packages.simplifier.net/dvmd.kdl.r4.2021/2021.1.1",
            "integrity": "sha1-s/xcwhK5n9XZKipNPisamsjT66Q="
        },
        "node_modules/hl7.fhir.r4.core": {
            "version": "4.0.1",
            "resolved": "https://packages.simplifier.net/hl7.fhir.r4.core/4.0.1",
            "integrity": "sha1-DkuNmfeRhYdVdoLItH32BUJFR6U="
        },
        "node_modules/hl7.fhir.uv.ips": {
            "version": "1.0.0",
            "resolved": "https://packages.simplifier.net/hl7.fhir.uv.ips/1.0.0",
            "integrity": "sha1-g+Y3C2Vor0W/DJVdKiKUx1MeQVg="
        },
        "node_modules/hl7.terminology.r4": {
            "version": "5.5.0",
            "resolved": "https://packages.simplifier.net/hl7.terminology.r4/5.5.0",
            "integrity": "sha1-y0+iUuXT8OvhtdOFihYKaVRxSjk="
        },
        "node_modules/ihe.mhd.fhir": {
            "version": "4.0.1",
            "resolved": "https://packages.simplifier.net/ihe.mhd.fhir/4.0.1",
            "integrity": "sha1-mPdZpfEimiuIAT1erg3Fm8kRnAg="
        },
        "node_modules/kbv.basis": {
            "version": "1.6.0-Expansions",
            "resolved": "https://packages.simplifier.net/kbv.basis/1.6.0-Expansions",
            "integrity": "sha1-+NCVwIZaf94wYXNy23fAKuEJBag="
        },
        "node_modules/rki.demis.common": {
            "version": "1.0.1",
            "resolved": "https://packages.simplifier.net/rki.demis.common/1.0.1",
            "integrity": "sha1-6t1iiIT+aRNIKfeqvKVMfOKVIfI="
        },
        "node_modules/rki.demis.disease": {
            "version": "1.3.0",
            "resolved": "https://packages.simplifier.net/rki.demis.disease/1.3.0",
            "integrity": "sha1-kcq6RInq8ExjeLFHP2vv6WJ+hZ4="
        }
    }
}
